
Microsoft Visual Studio Solution File, Format Version 12.00
# Visual Studio Version 17
VisualStudioVersion = 17.10.34916.146
MinimumVisualStudioVersion = 10.0.40219.1
Project("{FAE04EC0-301F-11D3-BF4B-00C04F79EFBC}") = "cms-hackers-heroes", "cms-hackers-heroes\cms-hackers-heroes.csproj", "{2C54B835-10B5-41DD-B68A-AD2501AB1EFB}"
EndProject
Global
	GlobalSection(SolutionConfigurationPlatforms) = preSolution
		Debug|Any CPU = Debug|Any CPU
		Release|Any CPU = Release|Any CPU
	EndGlobalSection
	GlobalSection(ProjectConfigurationPlatforms) = postSolution
		{2C54B835-10B5-41DD-B68A-AD2501AB1EFB}.Debug|Any CPU.ActiveCfg = Debug|Any CPU
		{2C54B835-10B5-41DD-B68A-AD2501AB1EFB}.Debug|Any CPU.Build.0 = Debug|Any CPU
		{2C54B835-10B5-41DD-B68A-AD2501AB1EFB}.Release|Any CPU.ActiveCfg = Release|Any CPU
		{2C54B835-10B5-41DD-B68A-AD2501AB1EFB}.Release|Any CPU.Build.0 = Release|Any CPU
	EndGlobalSection
	GlobalSection(SolutionProperties) = preSolution
		HideSolutionNode = FALSE
	EndGlobalSection
	GlobalSection(ExtensibilityGlobals) = postSolution
		SolutionGuid = {B60E9F92-5416-449B-A8FA-086A705157B3}
	EndGlobalSection
EndGlobal
