
Microsoft Visual Studio Solution File, Format Version 12.00
# Visual Studio Version 17
VisualStudioVersion = 17.10.34916.146
MinimumVisualStudioVersion = 10.0.40219.1
Project("{FAE04EC0-301F-11D3-BF4B-00C04F79EFBC}") = "cms-hacker-heroes", "cms-hacker-heroes\cms-hacker-heroes.csproj", "{A685E451-69B1-461B-9323-7BA66C954F66}"
EndProject
Global
	GlobalSection(SolutionConfigurationPlatforms) = preSolution
		Debug|Any CPU = Debug|Any CPU
		Release|Any CPU = Release|Any CPU
	EndGlobalSection
	GlobalSection(ProjectConfigurationPlatforms) = postSolution
		{A685E451-69B1-461B-9323-7BA66C954F66}.Debug|Any CPU.ActiveCfg = Debug|Any CPU
		{A685E451-69B1-461B-9323-7BA66C954F66}.Debug|Any CPU.Build.0 = Debug|Any CPU
		{A685E451-69B1-461B-9323-7BA66C954F66}.Release|Any CPU.ActiveCfg = Release|Any CPU
		{A685E451-69B1-461B-9323-7BA66C954F66}.Release|Any CPU.Build.0 = Release|Any CPU
	EndGlobalSection
	GlobalSection(SolutionProperties) = preSolution
		HideSolutionNode = FALSE
	EndGlobalSection
	GlobalSection(ExtensibilityGlobals) = postSolution
		SolutionGuid = {8C950E77-5811-45A0-9F81-2ECE5445D341}
	EndGlobalSection
EndGlobal
